
Microsoft Visual Studio Solution File, Format Version 12.00
# Visual Studio Version 17
VisualStudioVersion = 17.11.35303.130
MinimumVisualStudioVersion = 10.0.40219.1
Project("{2150E333-8FDC-42A3-9474-1A3956D46DE8}") = "Server", "Server", "{2B0A2343-BD65-4B99-9C21-244EB0A7F292}"
EndProject
Project("{8BC9CEB8-8B4A-11D0-8D11-00A0C91BC942}") = "GameServer", "Server\GameServer\GameServer.vcxproj", "{F6AAFB39-8822-4D51-BD44-B587C1A30D3B}"
	ProjectSection(ProjectDependencies) = postProject
		{4F00D22C-0AC2-4D7D-8F4F-6A56498B64DC} = {4F00D22C-0AC2-4D7D-8F4F-6A56498B64DC}
	EndProjectSection
EndProject
Project("{8BC9CEB8-8B4A-11D0-8D11-00A0C91BC942}") = "ServerLib", "Server\ServerLib\ServerLib.vcxproj", "{4F00D22C-0AC2-4D7D-8F4F-6A56498B64DC}"
EndProject
Project("{8BC9CEB8-8B4A-11D0-8D11-00A0C91BC942}") = "TestClient", "Server\TestClient\TestClient.vcxproj", "{7EA7EB6A-8724-46A3-85FF-4F2248105370}"
EndProject
Project("{2150E333-8FDC-42A3-9474-1A3956D46DE8}") = "Client", "Client", "{83073701-F067-4264-A208-E0D59C989C62}"
EndProject
Project("{FAE04EC0-301F-11D3-BF4B-00C04F79EFBC}") = "Assembly-CSharp", "Client\Assembly-CSharp.csproj", "{12F44184-A422-5F27-22E6-507969043F15}"
EndProject
Project("{FAE04EC0-301F-11D3-BF4B-00C04F79EFBC}") = "Assembly-CSharp-Editor", "Client\Assembly-CSharp-Editor.csproj", "{5544F79C-5306-909F-C855-53D6959D5DFD}"
EndProject
Project("{2150E333-8FDC-42A3-9474-1A3956D46DE8}") = "PacketGenerator", "PacketGenerator", "{2244C131-1DFC-411C-9A48-C4D228C706FC}"
EndProject
Project("{888888A0-9F3D-457C-B088-3A5042F75D52}") = "PacketGenerator", "PacketGenerator\PacketGenerator.pyproj", "{F0EECF91-C1A9-47F2-BA21-7943A82E7435}"
EndProject
Project("{2150E333-8FDC-42A3-9474-1A3956D46DE8}") = "DummyClient", "DummyClient", "{0569D9C1-8347-4946-98E8-83F21A7596C6}"
EndProject
Project("{8BC9CEB8-8B4A-11D0-8D11-00A0C91BC942}") = "DummyClientWrapper", "DummyClient\DummyClientWrapper\DummyClientWrapper.vcxproj", "{FD77CAD5-9B62-446D-B6A3-A076A74A41DF}"
EndProject
Project("{FAE04EC0-301F-11D3-BF4B-00C04F79EFBC}") = "DummyClientCore", "DummyClient\DummyClientCore\DummyClientCore.csproj", "{DCCC9A90-EDC6-4AB7-8071-DB2191C679D2}"
EndProject
Global
	GlobalSection(SolutionConfigurationPlatforms) = preSolution
		Debug|Any CPU = Debug|Any CPU
		Debug|x64 = Debug|x64
		Debug|x86 = Debug|x86
		Release|Any CPU = Release|Any CPU
		Release|x64 = Release|x64
		Release|x86 = Release|x86
	EndGlobalSection
	GlobalSection(ProjectConfigurationPlatforms) = postSolution
		{F6AAFB39-8822-4D51-BD44-B587C1A30D3B}.Debug|Any CPU.ActiveCfg = Debug|x64
		{F6AAFB39-8822-4D51-BD44-B587C1A30D3B}.Debug|Any CPU.Build.0 = Debug|x64
		{F6AAFB39-8822-4D51-BD44-B587C1A30D3B}.Debug|x64.ActiveCfg = Debug|x64
		{F6AAFB39-8822-4D51-BD44-B587C1A30D3B}.Debug|x64.Build.0 = Debug|x64
		{F6AAFB39-8822-4D51-BD44-B587C1A30D3B}.Debug|x86.ActiveCfg = Debug|Win32
		{F6AAFB39-8822-4D51-BD44-B587C1A30D3B}.Debug|x86.Build.0 = Debug|Win32
		{F6AAFB39-8822-4D51-BD44-B587C1A30D3B}.Release|Any CPU.ActiveCfg = Release|x64
		{F6AAFB39-8822-4D51-BD44-B587C1A30D3B}.Release|Any CPU.Build.0 = Release|x64
		{F6AAFB39-8822-4D51-BD44-B587C1A30D3B}.Release|x64.ActiveCfg = Release|x64
		{F6AAFB39-8822-4D51-BD44-B587C1A30D3B}.Release|x64.Build.0 = Release|x64
		{F6AAFB39-8822-4D51-BD44-B587C1A30D3B}.Release|x86.ActiveCfg = Release|Win32
		{F6AAFB39-8822-4D51-BD44-B587C1A30D3B}.Release|x86.Build.0 = Release|Win32
		{4F00D22C-0AC2-4D7D-8F4F-6A56498B64DC}.Debug|Any CPU.ActiveCfg = Debug|x64
		{4F00D22C-0AC2-4D7D-8F4F-6A56498B64DC}.Debug|Any CPU.Build.0 = Debug|x64
		{4F00D22C-0AC2-4D7D-8F4F-6A56498B64DC}.Debug|x64.ActiveCfg = Debug|x64
		{4F00D22C-0AC2-4D7D-8F4F-6A56498B64DC}.Debug|x64.Build.0 = Debug|x64
		{4F00D22C-0AC2-4D7D-8F4F-6A56498B64DC}.Debug|x86.ActiveCfg = Debug|Win32
		{4F00D22C-0AC2-4D7D-8F4F-6A56498B64DC}.Debug|x86.Build.0 = Debug|Win32
		{4F00D22C-0AC2-4D7D-8F4F-6A56498B64DC}.Release|Any CPU.ActiveCfg = Release|x64
		{4F00D22C-0AC2-4D7D-8F4F-6A56498B64DC}.Release|Any CPU.Build.0 = Release|x64
		{4F00D22C-0AC2-4D7D-8F4F-6A56498B64DC}.Release|x64.ActiveCfg = Release|x64
		{4F00D22C-0AC2-4D7D-8F4F-6A56498B64DC}.Release|x64.Build.0 = Release|x64
		{4F00D22C-0AC2-4D7D-8F4F-6A56498B64DC}.Release|x86.ActiveCfg = Release|Win32
		{4F00D22C-0AC2-4D7D-8F4F-6A56498B64DC}.Release|x86.Build.0 = Release|Win32
		{7EA7EB6A-8724-46A3-85FF-4F2248105370}.Debug|Any CPU.ActiveCfg = Debug|x64
		{7EA7EB6A-8724-46A3-85FF-4F2248105370}.Debug|Any CPU.Build.0 = Debug|x64
		{7EA7EB6A-8724-46A3-85FF-4F2248105370}.Debug|x64.ActiveCfg = Debug|x64
		{7EA7EB6A-8724-46A3-85FF-4F2248105370}.Debug|x64.Build.0 = Debug|x64
		{7EA7EB6A-8724-46A3-85FF-4F2248105370}.Debug|x86.ActiveCfg = Debug|Win32
		{7EA7EB6A-8724-46A3-85FF-4F2248105370}.Debug|x86.Build.0 = Debug|Win32
		{7EA7EB6A-8724-46A3-85FF-4F2248105370}.Release|Any CPU.ActiveCfg = Release|x64
		{7EA7EB6A-8724-46A3-85FF-4F2248105370}.Release|Any CPU.Build.0 = Release|x64
		{7EA7EB6A-8724-46A3-85FF-4F2248105370}.Release|x64.ActiveCfg = Release|x64
		{7EA7EB6A-8724-46A3-85FF-4F2248105370}.Release|x64.Build.0 = Release|x64
		{7EA7EB6A-8724-46A3-85FF-4F2248105370}.Release|x86.ActiveCfg = Release|Win32
		{7EA7EB6A-8724-46A3-85FF-4F2248105370}.Release|x86.Build.0 = Release|Win32
		{12F44184-A422-5F27-22E6-507969043F15}.Debug|Any CPU.ActiveCfg = Debug|Any CPU
		{12F44184-A422-5F27-22E6-507969043F15}.Debug|Any CPU.Build.0 = Debug|Any CPU
		{12F44184-A422-5F27-22E6-507969043F15}.Debug|x64.ActiveCfg = Debug|Any CPU
		{12F44184-A422-5F27-22E6-507969043F15}.Debug|x64.Build.0 = Debug|Any CPU
		{12F44184-A422-5F27-22E6-507969043F15}.Debug|x86.ActiveCfg = Debug|Any CPU
		{12F44184-A422-5F27-22E6-507969043F15}.Debug|x86.Build.0 = Debug|Any CPU
		{12F44184-A422-5F27-22E6-507969043F15}.Release|Any CPU.ActiveCfg = Release|Any CPU
		{12F44184-A422-5F27-22E6-507969043F15}.Release|Any CPU.Build.0 = Release|Any CPU
		{12F44184-A422-5F27-22E6-507969043F15}.Release|x64.ActiveCfg = Release|Any CPU
		{12F44184-A422-5F27-22E6-507969043F15}.Release|x64.Build.0 = Release|Any CPU
		{12F44184-A422-5F27-22E6-507969043F15}.Release|x86.ActiveCfg = Release|Any CPU
		{12F44184-A422-5F27-22E6-507969043F15}.Release|x86.Build.0 = Release|Any CPU
		{5544F79C-5306-909F-C855-53D6959D5DFD}.Debug|Any CPU.ActiveCfg = Debug|Any CPU
		{5544F79C-5306-909F-C855-53D6959D5DFD}.Debug|Any CPU.Build.0 = Debug|Any CPU
		{5544F79C-5306-909F-C855-53D6959D5DFD}.Debug|x64.ActiveCfg = Debug|Any CPU
		{5544F79C-5306-909F-C855-53D6959D5DFD}.Debug|x64.Build.0 = Debug|Any CPU
		{5544F79C-5306-909F-C855-53D6959D5DFD}.Debug|x86.ActiveCfg = Debug|Any CPU
		{5544F79C-5306-909F-C855-53D6959D5DFD}.Debug|x86.Build.0 = Debug|Any CPU
		{5544F79C-5306-909F-C855-53D6959D5DFD}.Release|Any CPU.ActiveCfg = Release|Any CPU
		{5544F79C-5306-909F-C855-53D6959D5DFD}.Release|Any CPU.Build.0 = Release|Any CPU
		{5544F79C-5306-909F-C855-53D6959D5DFD}.Release|x64.ActiveCfg = Release|Any CPU
		{5544F79C-5306-909F-C855-53D6959D5DFD}.Release|x64.Build.0 = Release|Any CPU
		{5544F79C-5306-909F-C855-53D6959D5DFD}.Release|x86.ActiveCfg = Release|Any CPU
		{5544F79C-5306-909F-C855-53D6959D5DFD}.Release|x86.Build.0 = Release|Any CPU
		{F0EECF91-C1A9-47F2-BA21-7943A82E7435}.Debug|Any CPU.ActiveCfg = Debug|Any CPU
		{F0EECF91-C1A9-47F2-BA21-7943A82E7435}.Debug|x64.ActiveCfg = Debug|Any CPU
		{F0EECF91-C1A9-47F2-BA21-7943A82E7435}.Debug|x86.ActiveCfg = Debug|Any CPU
		{F0EECF91-C1A9-47F2-BA21-7943A82E7435}.Release|Any CPU.ActiveCfg = Release|Any CPU
		{F0EECF91-C1A9-47F2-BA21-7943A82E7435}.Release|x64.ActiveCfg = Release|Any CPU
		{F0EECF91-C1A9-47F2-BA21-7943A82E7435}.Release|x86.ActiveCfg = Release|Any CPU
		{FD77CAD5-9B62-446D-B6A3-A076A74A41DF}.Debug|Any CPU.ActiveCfg = Debug|x64
		{FD77CAD5-9B62-446D-B6A3-A076A74A41DF}.Debug|Any CPU.Build.0 = Debug|x64
		{FD77CAD5-9B62-446D-B6A3-A076A74A41DF}.Debug|x64.ActiveCfg = Debug|x64
		{FD77CAD5-9B62-446D-B6A3-A076A74A41DF}.Debug|x64.Build.0 = Debug|x64
		{FD77CAD5-9B62-446D-B6A3-A076A74A41DF}.Debug|x86.ActiveCfg = Debug|Win32
		{FD77CAD5-9B62-446D-B6A3-A076A74A41DF}.Debug|x86.Build.0 = Debug|Win32
		{FD77CAD5-9B62-446D-B6A3-A076A74A41DF}.Release|Any CPU.ActiveCfg = Release|x64
		{FD77CAD5-9B62-446D-B6A3-A076A74A41DF}.Release|Any CPU.Build.0 = Release|x64
		{FD77CAD5-9B62-446D-B6A3-A076A74A41DF}.Release|x64.ActiveCfg = Release|x64
		{FD77CAD5-9B62-446D-B6A3-A076A74A41DF}.Release|x64.Build.0 = Release|x64
		{FD77CAD5-9B62-446D-B6A3-A076A74A41DF}.Release|x86.ActiveCfg = Release|Win32
		{FD77CAD5-9B62-446D-B6A3-A076A74A41DF}.Release|x86.Build.0 = Release|Win32
		{DCCC9A90-EDC6-4AB7-8071-DB2191C679D2}.Debug|Any CPU.ActiveCfg = Debug|Any CPU
		{DCCC9A90-EDC6-4AB7-8071-DB2191C679D2}.Debug|Any CPU.Build.0 = Debug|Any CPU
		{DCCC9A90-EDC6-4AB7-8071-DB2191C679D2}.Debug|x64.ActiveCfg = Debug|Any CPU
		{DCCC9A90-EDC6-4AB7-8071-DB2191C679D2}.Debug|x64.Build.0 = Debug|Any CPU
		{DCCC9A90-EDC6-4AB7-8071-DB2191C679D2}.Debug|x86.ActiveCfg = Debug|Any CPU
		{DCCC9A90-EDC6-4AB7-8071-DB2191C679D2}.Debug|x86.Build.0 = Debug|Any CPU
		{DCCC9A90-EDC6-4AB7-8071-DB2191C679D2}.Release|Any CPU.ActiveCfg = Release|Any CPU
		{DCCC9A90-EDC6-4AB7-8071-DB2191C679D2}.Release|Any CPU.Build.0 = Release|Any CPU
		{DCCC9A90-EDC6-4AB7-8071-DB2191C679D2}.Release|x64.ActiveCfg = Release|Any CPU
		{DCCC9A90-EDC6-4AB7-8071-DB2191C679D2}.Release|x64.Build.0 = Release|Any CPU
		{DCCC9A90-EDC6-4AB7-8071-DB2191C679D2}.Release|x86.ActiveCfg = Release|Any CPU
		{DCCC9A90-EDC6-4AB7-8071-DB2191C679D2}.Release|x86.Build.0 = Release|Any CPU
	EndGlobalSection
	GlobalSection(SolutionProperties) = preSolution
		HideSolutionNode = FALSE
	EndGlobalSection
	GlobalSection(NestedProjects) = preSolution
		{F6AAFB39-8822-4D51-BD44-B587C1A30D3B} = {2B0A2343-BD65-4B99-9C21-244EB0A7F292}
		{4F00D22C-0AC2-4D7D-8F4F-6A56498B64DC} = {2B0A2343-BD65-4B99-9C21-244EB0A7F292}
		{7EA7EB6A-8724-46A3-85FF-4F2248105370} = {2B0A2343-BD65-4B99-9C21-244EB0A7F292}
		{12F44184-A422-5F27-22E6-507969043F15} = {83073701-F067-4264-A208-E0D59C989C62}
		{5544F79C-5306-909F-C855-53D6959D5DFD} = {83073701-F067-4264-A208-E0D59C989C62}
		{F0EECF91-C1A9-47F2-BA21-7943A82E7435} = {2244C131-1DFC-411C-9A48-C4D228C706FC}
		{FD77CAD5-9B62-446D-B6A3-A076A74A41DF} = {0569D9C1-8347-4946-98E8-83F21A7596C6}
		{DCCC9A90-EDC6-4AB7-8071-DB2191C679D2} = {0569D9C1-8347-4946-98E8-83F21A7596C6}
	EndGlobalSection
	GlobalSection(ExtensibilityGlobals) = postSolution
		SolutionGuid = {5382A1A1-385A-4588-A727-F065B4D3C32F}
	EndGlobalSection
EndGlobal
